
Microsoft Visual Studio Solution File, Format Version 12.00
# Visual Studio Version 17
VisualStudioVersion = 17.5.33424.131
MinimumVisualStudioVersion = 10.0.40219.1
Project("{9A19103F-16F7-4668-BE54-9A1E7A4F7556}") = "toystackmachine.cli", "toystackmachine.cli\toystackmachine.cli.csproj", "{0E7382A2-7F12-44C5-939A-B1D079C41F2A}"
EndProject
Project("{FAE04EC0-301F-11D3-BF4B-00C04F79EFBC}") = "toystackmachine.core", "toystackmachine.core\toystackmachine.core.csproj", "{720A9557-E6ED-473B-81B3-567C1C4DB506}"
EndProject
Global
	GlobalSection(SolutionConfigurationPlatforms) = preSolution
		Debug|Any CPU = Debug|Any CPU
		Release|Any CPU = Release|Any CPU
	EndGlobalSection
	GlobalSection(ProjectConfigurationPlatforms) = postSolution
		{0E7382A2-7F12-44C5-939A-B1D079C41F2A}.Debug|Any CPU.ActiveCfg = Debug|Any CPU
		{0E7382A2-7F12-44C5-939A-B1D079C41F2A}.Debug|Any CPU.Build.0 = Debug|Any CPU
		{0E7382A2-7F12-44C5-939A-B1D079C41F2A}.Release|Any CPU.ActiveCfg = Release|Any CPU
		{0E7382A2-7F12-44C5-939A-B1D079C41F2A}.Release|Any CPU.Build.0 = Release|Any CPU
		{720A9557-E6ED-473B-81B3-567C1C4DB506}.Debug|Any CPU.ActiveCfg = Debug|Any CPU
		{720A9557-E6ED-473B-81B3-567C1C4DB506}.Debug|Any CPU.Build.0 = Debug|Any CPU
		{720A9557-E6ED-473B-81B3-567C1C4DB506}.Release|Any CPU.ActiveCfg = Release|Any CPU
		{720A9557-E6ED-473B-81B3-567C1C4DB506}.Release|Any CPU.Build.0 = Release|Any CPU
	EndGlobalSection
	GlobalSection(SolutionProperties) = preSolution
		HideSolutionNode = FALSE
	EndGlobalSection
	GlobalSection(ExtensibilityGlobals) = postSolution
		SolutionGuid = {7B6B4D92-BD86-4F31-A4FA-9ACAA7EFA5C4}
	EndGlobalSection
EndGlobal
